
Microsoft Visual Studio Solution File, Format Version 12.00
# Visual Studio Version 17
VisualStudioVersion = 17.12.35707.178 d17.12
MinimumVisualStudioVersion = 10.0.40219.1
Project("{FAE04EC0-301F-11D3-BF4B-00C04F79EFBC}") = "SistemaSecretaria.API", "SistemaSecretaria.API\SistemaSecretaria.API.csproj", "{6C31B0BE-4519-46A1-8167-29E70C148F88}"
EndProject
Project("{FAE04EC0-301F-11D3-BF4B-00C04F79EFBC}") = "SistemaSecretaria.Domain", "SistemaSecretaria.Domain\SistemaSecretaria.Domain.csproj", "{7AF4F852-89DF-4DD5-B150-18995879DAA2}"
EndProject
Project("{FAE04EC0-301F-11D3-BF4B-00C04F79EFBC}") = "SistemaSecretaria.Data", "SistemaSecretaria.Data\SistemaSecretaria.Data.csproj", "{50EFE40F-0B9C-4CD5-978A-2428D179E3F5}"
EndProject
Project("{FAE04EC0-301F-11D3-BF4B-00C04F79EFBC}") = "SistemaSecretaria.Application", "SistemaSecretaria.Application\SistemaSecretaria.Application.csproj", "{C1958DC3-9274-4210-AC1F-D94D6C4365B5}"
EndProject
Project("{FAE04EC0-301F-11D3-BF4B-00C04F79EFBC}") = "SistemaSecretaria.IoC", "SistemaSecretaria.IoC\SistemaSecretaria.IoC.csproj", "{19646B9F-F7D1-4C62-838D-A2204B4387B3}"
EndProject
Global
	GlobalSection(SolutionConfigurationPlatforms) = preSolution
		Debug|Any CPU = Debug|Any CPU
		Release|Any CPU = Release|Any CPU
	EndGlobalSection
	GlobalSection(ProjectConfigurationPlatforms) = postSolution
		{6C31B0BE-4519-46A1-8167-29E70C148F88}.Debug|Any CPU.ActiveCfg = Debug|Any CPU
		{6C31B0BE-4519-46A1-8167-29E70C148F88}.Debug|Any CPU.Build.0 = Debug|Any CPU
		{6C31B0BE-4519-46A1-8167-29E70C148F88}.Release|Any CPU.ActiveCfg = Release|Any CPU
		{6C31B0BE-4519-46A1-8167-29E70C148F88}.Release|Any CPU.Build.0 = Release|Any CPU
		{7AF4F852-89DF-4DD5-B150-18995879DAA2}.Debug|Any CPU.ActiveCfg = Debug|Any CPU
		{7AF4F852-89DF-4DD5-B150-18995879DAA2}.Debug|Any CPU.Build.0 = Debug|Any CPU
		{7AF4F852-89DF-4DD5-B150-18995879DAA2}.Release|Any CPU.ActiveCfg = Release|Any CPU
		{7AF4F852-89DF-4DD5-B150-18995879DAA2}.Release|Any CPU.Build.0 = Release|Any CPU
		{50EFE40F-0B9C-4CD5-978A-2428D179E3F5}.Debug|Any CPU.ActiveCfg = Debug|Any CPU
		{50EFE40F-0B9C-4CD5-978A-2428D179E3F5}.Debug|Any CPU.Build.0 = Debug|Any CPU
		{50EFE40F-0B9C-4CD5-978A-2428D179E3F5}.Release|Any CPU.ActiveCfg = Release|Any CPU
		{50EFE40F-0B9C-4CD5-978A-2428D179E3F5}.Release|Any CPU.Build.0 = Release|Any CPU
		{C1958DC3-9274-4210-AC1F-D94D6C4365B5}.Debug|Any CPU.ActiveCfg = Debug|Any CPU
		{C1958DC3-9274-4210-AC1F-D94D6C4365B5}.Debug|Any CPU.Build.0 = Debug|Any CPU
		{C1958DC3-9274-4210-AC1F-D94D6C4365B5}.Release|Any CPU.ActiveCfg = Release|Any CPU
		{C1958DC3-9274-4210-AC1F-D94D6C4365B5}.Release|Any CPU.Build.0 = Release|Any CPU
		{19646B9F-F7D1-4C62-838D-A2204B4387B3}.Debug|Any CPU.ActiveCfg = Debug|Any CPU
		{19646B9F-F7D1-4C62-838D-A2204B4387B3}.Debug|Any CPU.Build.0 = Debug|Any CPU
		{19646B9F-F7D1-4C62-838D-A2204B4387B3}.Release|Any CPU.ActiveCfg = Release|Any CPU
		{19646B9F-F7D1-4C62-838D-A2204B4387B3}.Release|Any CPU.Build.0 = Release|Any CPU
	EndGlobalSection
	GlobalSection(SolutionProperties) = preSolution
		HideSolutionNode = FALSE
	EndGlobalSection
EndGlobal
